// !$*UTF8*$!
{
	archiveVersion = 1;
	classes = {
	};
	objectVersion = 56;
	objects = {

/* Begin PBXBuildFile section */
		498C07C62A0A487C000AFD19 /* main.swift in Sources */ = {isa = PBXBuildFile; fileRef = 498C07C52A0A487C000AFD19 /* main.swift */; };
		498C07CD2A0A491C000AFD19 /* Utils.swift in Sources */ = {isa = PBXBuildFile; fileRef = 498C07CC2A0A491C000AFD19 /* Utils.swift */; };
		498C07CF2A0A4942000AFD19 /* ThreadSafeArray.swift in Sources */ = {isa = PBXBuildFile; fileRef = 498C07CE2A0A4942000AFD19 /* ThreadSafeArray.swift */; };
		498C07D12A0A49A1000AFD19 /* InsertionSort.swift in Sources */ = {isa = PBXBuildFile; fileRef = 498C07D02A0A49A1000AFD19 /* InsertionSort.swift */; };
		498C07D52A0A49D5000AFD19 /* SyncBucketSort.swift in Sources */ = {isa = PBXBuildFile; fileRef = 498C07D42A0A49D5000AFD19 /* SyncBucketSort.swift */; };
		498C07D72A0A4A30000AFD19 /* AsyncBucketSort.swift in Sources */ = {isa = PBXBuildFile; fileRef = 498C07D62A0A4A2F000AFD19 /* AsyncBucketSort.swift */; };
/* End PBXBuildFile section */

/* Begin PBXCopyFilesBuildPhase section */
		498C07C02A0A487C000AFD19 /* CopyFiles */ = {
			isa = PBXCopyFilesBuildPhase;
			buildActionMask = 2147483647;
			dstPath = /usr/share/man/man1/;
			dstSubfolderSpec = 0;
			files = (
			);
			runOnlyForDeploymentPostprocessing = 1;
		};
/* End PBXCopyFilesBuildPhase section */

/* Begin PBXFileReference section */
		498C07C22A0A487C000AFD19 /* BucketSort */ = {isa = PBXFileReference; explicitFileType = "compiled.mach-o.executable"; includeInIndex = 0; path = BucketSort; sourceTree = BUILT_PRODUCTS_DIR; };
		498C07C52A0A487C000AFD19 /* main.swift */ = {isa = PBXFileReference; lastKnownFileType = sourcecode.swift; path = main.swift; sourceTree = "<group>"; };
		498C07CC2A0A491C000AFD19 /* Utils.swift */ = {isa = PBXFileReference; lastKnownFileType = sourcecode.swift; path = Utils.swift; sourceTree = "<group>"; };
		498C07CE2A0A4942000AFD19 /* ThreadSafeArray.swift */ = {isa = PBXFileReference; lastKnownFileType = sourcecode.swift; path = ThreadSafeArray.swift; sourceTree = "<group>"; };
		498C07D02A0A49A1000AFD19 /* InsertionSort.swift */ = {isa = PBXFileReference; lastKnownFileType = sourcecode.swift; path = InsertionSort.swift; sourceTree = "<group>"; };
		498C07D42A0A49D5000AFD19 /* SyncBucketSort.swift */ = {isa = PBXFileReference; lastKnownFileType = sourcecode.swift; path = SyncBucketSort.swift; sourceTree = "<group>"; };
		498C07D62A0A4A2F000AFD19 /* AsyncBucketSort.swift */ = {isa = PBXFileReference; lastKnownFileType = sourcecode.swift; path = AsyncBucketSort.swift; sourceTree = "<group>"; };
/* End PBXFileReference section */

/* Begin PBXFrameworksBuildPhase section */
		498C07BF2A0A487C000AFD19 /* Frameworks */ = {
			isa = PBXFrameworksBuildPhase;
			buildActionMask = 2147483647;
			files = (
			);
			runOnlyForDeploymentPostprocessing = 0;
		};
/* End PBXFrameworksBuildPhase section */

/* Begin PBXGroup section */
		498C07B92A0A487C000AFD19 = {
			isa = PBXGroup;
			children = (
				498C07C42A0A487C000AFD19 /* BucketSort */,
				498C07C32A0A487C000AFD19 /* Products */,
			);
			sourceTree = "<group>";
		};
		498C07C32A0A487C000AFD19 /* Products */ = {
			isa = PBXGroup;
			children = (
				498C07C22A0A487C000AFD19 /* BucketSort */,
			);
			name = Products;
			sourceTree = "<group>";
		};
		498C07C42A0A487C000AFD19 /* BucketSort */ = {
			isa = PBXGroup;
			children = (
				498C07C52A0A487C000AFD19 /* main.swift */,
				498C07D32A0A49C3000AFD19 /* Sorting */,
				498C07D22A0A49B9000AFD19 /* Support files */,
			);
			path = BucketSort;
			sourceTree = "<group>";
		};
		498C07D22A0A49B9000AFD19 /* Support files */ = {
			isa = PBXGroup;
			children = (
				498C07CE2A0A4942000AFD19 /* ThreadSafeArray.swift */,
				498C07CC2A0A491C000AFD19 /* Utils.swift */,
			);
			path = "Support files";
			sourceTree = "<group>";
		};
		498C07D32A0A49C3000AFD19 /* Sorting */ = {
			isa = PBXGroup;
			children = (
				498C07D02A0A49A1000AFD19 /* InsertionSort.swift */,
				498C07D42A0A49D5000AFD19 /* SyncBucketSort.swift */,
				498C07D62A0A4A2F000AFD19 /* AsyncBucketSort.swift */,
			);
			path = Sorting;
			sourceTree = "<group>";
		};
/* End PBXGroup section */

/* Begin PBXNativeTarget section */
		498C07C12A0A487C000AFD19 /* BucketSort */ = {
			isa = PBXNativeTarget;
			buildConfigurationList = 498C07C92A0A487C000AFD19 /* Build configuration list for PBXNativeTarget "BucketSort" */;
			buildPhases = (
				498C07BE2A0A487C000AFD19 /* Sources */,
				498C07BF2A0A487C000AFD19 /* Frameworks */,
				498C07C02A0A487C000AFD19 /* CopyFiles */,
			);
			buildRules = (
			);
			dependencies = (
			);
			name = BucketSort;
			productName = BucketSort;
			productReference = 498C07C22A0A487C000AFD19 /* BucketSort */;
			productType = "com.apple.product-type.tool";
		};
/* End PBXNativeTarget section */

/* Begin PBXProject section */
		498C07BA2A0A487C000AFD19 /* Project object */ = {
			isa = PBXProject;
			attributes = {
				BuildIndependentTargetsInParallel = 1;
				LastSwiftUpdateCheck = 1420;
				LastUpgradeCheck = 1420;
				TargetAttributes = {
					498C07C12A0A487C000AFD19 = {
						CreatedOnToolsVersion = 14.2;
					};
				};
			};
			buildConfigurationList = 498C07BD2A0A487C000AFD19 /* Build configuration list for PBXProject "BucketSort" */;
			compatibilityVersion = "Xcode 14.0";
			developmentRegion = en;
			hasScannedForEncodings = 0;
			knownRegions = (
				en,
				Base,
			);
			mainGroup = 498C07B92A0A487C000AFD19;
			productRefGroup = 498C07C32A0A487C000AFD19 /* Products */;
			projectDirPath = "";
			projectRoot = "";
			targets = (
				498C07C12A0A487C000AFD19 /* BucketSort */,
			);
		};
/* End PBXProject section */

/* Begin PBXSourcesBuildPhase section */
		498C07BE2A0A487C000AFD19 /* Sources */ = {
			isa = PBXSourcesBuildPhase;
			buildActionMask = 2147483647;
			files = (
				498C07D52A0A49D5000AFD19 /* SyncBucketSort.swift in Sources */,
				498C07C62A0A487C000AFD19 /* main.swift in Sources */,
				498C07D12A0A49A1000AFD19 /* InsertionSort.swift in Sources */,
				498C07CF2A0A4942000AFD19 /* ThreadSafeArray.swift in Sources */,
				498C07D72A0A4A30000AFD19 /* AsyncBucketSort.swift in Sources */,
				498C07CD2A0A491C000AFD19 /* Utils.swift in Sources */,
			);
			runOnlyForDeploymentPostprocessing = 0;
		};
/* End PBXSourcesBuildPhase section */

/* Begin XCBuildConfiguration section */
		498C07C72A0A487C000AFD19 /* Debug */ = {
			isa = XCBuildConfiguration;
			buildSettings = {
				ALWAYS_SEARCH_USER_PATHS = NO;
				CLANG_ANALYZER_NONNULL = YES;
				CLANG_ANALYZER_NUMBER_OBJECT_CONVERSION = YES_AGGRESSIVE;
				CLANG_CXX_LANGUAGE_STANDARD = "gnu++20";
				CLANG_ENABLE_MODULES = YES;
				CLANG_ENABLE_OBJC_ARC = YES;
				CLANG_ENABLE_OBJC_WEAK = YES;
				CLANG_WARN_BLOCK_CAPTURE_AUTORELEASING = YES;
				CLANG_WARN_BOOL_CONVERSION = YES;
				CLANG_WARN_COMMA = YES;
				CLANG_WARN_CONSTANT_CONVERSION = YES;
				CLANG_WARN_DEPRECATED_OBJC_IMPLEMENTATIONS = YES;
				CLANG_WARN_DIRECT_OBJC_ISA_USAGE = YES_ERROR;
				CLANG_WARN_DOCUMENTATION_COMMENTS = YES;
				CLANG_WARN_EMPTY_BODY = YES;
				CLANG_WARN_ENUM_CONVERSION = YES;
				CLANG_WARN_INFINITE_RECURSION = YES;
				CLANG_WARN_INT_CONVERSION = YES;
				CLANG_WARN_NON_LITERAL_NULL_CONVERSION = YES;
				CLANG_WARN_OBJC_IMPLICIT_RETAIN_SELF = YES;
				CLANG_WARN_OBJC_LITERAL_CONVERSION = YES;
				CLANG_WARN_OBJC_ROOT_CLASS = YES_ERROR;
				CLANG_WARN_QUOTED_INCLUDE_IN_FRAMEWORK_HEADER = YES;
				CLANG_WARN_RANGE_LOOP_ANALYSIS = YES;
				CLANG_WARN_STRICT_PROTOTYPES = YES;
				CLANG_WARN_SUSPICIOUS_MOVE = YES;
				CLANG_WARN_UNGUARDED_AVAILABILITY = YES_AGGRESSIVE;
				CLANG_WARN_UNREACHABLE_CODE = YES;
				CLANG_WARN__DUPLICATE_METHOD_MATCH = YES;
				COPY_PHASE_STRIP = NO;
				DEBUG_INFORMATION_FORMAT = dwarf;
				ENABLE_STRICT_OBJC_MSGSEND = YES;
				ENABLE_TESTABILITY = YES;
				GCC_C_LANGUAGE_STANDARD = gnu11;
				GCC_DYNAMIC_NO_PIC = NO;
				GCC_NO_COMMON_BLOCKS = YES;
				GCC_OPTIMIZATION_LEVEL = 0;
				GCC_PREPROCESSOR_DEFINITIONS = (
					"DEBUG=1",
					"$(inherited)",
				);
				GCC_WARN_64_TO_32_BIT_CONVERSION = YES;
				GCC_WARN_ABOUT_RETURN_TYPE = YES_ERROR;
				GCC_WARN_UNDECLARED_SELECTOR = YES;
				GCC_WARN_UNINITIALIZED_AUTOS = YES_AGGRESSIVE;
				GCC_WARN_UNUSED_FUNCTION = YES;
				GCC_WARN_UNUSED_VARIABLE = YES;
				MACOSX_DEPLOYMENT_TARGET = 12.5;
				MTL_ENABLE_DEBUG_INFO = INCLUDE_SOURCE;
				MTL_FAST_MATH = YES;
				ONLY_ACTIVE_ARCH = YES;
				SDKROOT = macosx;
				SWIFT_ACTIVE_COMPILATION_CONDITIONS = DEBUG;
				SWIFT_OPTIMIZATION_LEVEL = "-Onone";
			};
			name = Debug;
		};
		498C07C82A0A487C000AFD19 /* Release */ = {
			isa = XCBuildConfiguration;
			buildSettings = {
				ALWAYS_SEARCH_USER_PATHS = NO;
				CLANG_ANALYZER_NONNULL = YES;
				CLANG_ANALYZER_NUMBER_OBJECT_CONVERSION = YES_AGGRESSIVE;
				CLANG_CXX_LANGUAGE_STANDARD = "gnu++20";
				CLANG_ENABLE_MODULES = YES;
				CLANG_ENABLE_OBJC_ARC = YES;
				CLANG_ENABLE_OBJC_WEAK = YES;
				CLANG_WARN_BLOCK_CAPTURE_AUTORELEASING = YES;
				CLANG_WARN_BOOL_CONVERSION = YES;
				CLANG_WARN_COMMA = YES;
				CLANG_WARN_CONSTANT_CONVERSION = YES;
				CLANG_WARN_DEPRECATED_OBJC_IMPLEMENTATIONS = YES;
				CLANG_WARN_DIRECT_OBJC_ISA_USAGE = YES_ERROR;
				CLANG_WARN_DOCUMENTATION_COMMENTS = YES;
				CLANG_WARN_EMPTY_BODY = YES;
				CLANG_WARN_ENUM_CONVERSION = YES;
				CLANG_WARN_INFINITE_RECURSION = YES;
				CLANG_WARN_INT_CONVERSION = YES;
				CLANG_WARN_NON_LITERAL_NULL_CONVERSION = YES;
				CLANG_WARN_OBJC_IMPLICIT_RETAIN_SELF = YES;
				CLANG_WARN_OBJC_LITERAL_CONVERSION = YES;
				CLANG_WARN_OBJC_ROOT_CLASS = YES_ERROR;
				CLANG_WARN_QUOTED_INCLUDE_IN_FRAMEWORK_HEADER = YES;
				CLANG_WARN_RANGE_LOOP_ANALYSIS = YES;
				CLANG_WARN_STRICT_PROTOTYPES = YES;
				CLANG_WARN_SUSPICIOUS_MOVE = YES;
				CLANG_WARN_UNGUARDED_AVAILABILITY = YES_AGGRESSIVE;
				CLANG_WARN_UNREACHABLE_CODE = YES;
				CLANG_WARN__DUPLICATE_METHOD_MATCH = YES;
				COPY_PHASE_STRIP = NO;
				DEBUG_INFORMATION_FORMAT = "dwarf-with-dsym";
				ENABLE_NS_ASSERTIONS = NO;
				ENABLE_STRICT_OBJC_MSGSEND = YES;
				GCC_C_LANGUAGE_STANDARD = gnu11;
				GCC_NO_COMMON_BLOCKS = YES;
				GCC_WARN_64_TO_32_BIT_CONVERSION = YES;
				GCC_WARN_ABOUT_RETURN_TYPE = YES_ERROR;
				GCC_WARN_UNDECLARED_SELECTOR = YES;
				GCC_WARN_UNINITIALIZED_AUTOS = YES_AGGRESSIVE;
				GCC_WARN_UNUSED_FUNCTION = YES;
				GCC_WARN_UNUSED_VARIABLE = YES;
				MACOSX_DEPLOYMENT_TARGET = 12.5;
				MTL_ENABLE_DEBUG_INFO = NO;
				MTL_FAST_MATH = YES;
				SDKROOT = macosx;
				SWIFT_COMPILATION_MODE = wholemodule;
				SWIFT_OPTIMIZATION_LEVEL = "-O";
			};
			name = Release;
		};
		498C07CA2A0A487C000AFD19 /* Debug */ = {
			isa = XCBuildConfiguration;
			buildSettings = {
				CODE_SIGN_STYLE = Automatic;
				DEVELOPMENT_TEAM = WG482W7ASB;
				ENABLE_HARDENED_RUNTIME = YES;
				PRODUCT_NAME = "$(TARGET_NAME)";
				SWIFT_VERSION = 5.0;
			};
			name = Debug;
		};
		498C07CB2A0A487C000AFD19 /* Release */ = {
			isa = XCBuildConfiguration;
			buildSettings = {
				CODE_SIGN_STYLE = Automatic;
				DEVELOPMENT_TEAM = WG482W7ASB;
				ENABLE_HARDENED_RUNTIME = YES;
				PRODUCT_NAME = "$(TARGET_NAME)";
				SWIFT_VERSION = 5.0;
			};
			name = Release;
		};
/* End XCBuildConfiguration section */

/* Begin XCConfigurationList section */
		498C07BD2A0A487C000AFD19 /* Build configuration list for PBXProject "BucketSort" */ = {
			isa = XCConfigurationList;
			buildConfigurations = (
				498C07C72A0A487C000AFD19 /* Debug */,
				498C07C82A0A487C000AFD19 /* Release */,
			);
			defaultConfigurationIsVisible = 0;
			defaultConfigurationName = Release;
		};
		498C07C92A0A487C000AFD19 /* Build configuration list for PBXNativeTarget "BucketSort" */ = {
			isa = XCConfigurationList;
			buildConfigurations = (
				498C07CA2A0A487C000AFD19 /* Debug */,
				498C07CB2A0A487C000AFD19 /* Release */,
			);
			defaultConfigurationIsVisible = 0;
			defaultConfigurationName = Release;
		};
/* End XCConfigurationList section */
	};
	rootObject = 498C07BA2A0A487C000AFD19 /* Project object */;
}
